// !$*UTF8*$!
{
	archiveVersion = 1;
	classes = {
	};
	objectVersion = 46;
	objects = {

/* Begin PBXBuildFile section */
		7B2D8BB6060FD10586244121 /* Pods_DeliveryAmp.framework in Frameworks */ = {isa = PBXBuildFile; fileRef = 3E3F92601052C8669D8A0A86 /* Pods_DeliveryAmp.framework */; };
		869376791F3B1C7C0051E7CE /* ExtrasTypeTableViewCell.swift in Sources */ = {isa = PBXBuildFile; fileRef = 869376781F3B1C7B0051E7CE /* ExtrasTypeTableViewCell.swift */; };
		8693767B1F3B2B4B0051E7CE /* SelectedExtrasType.swift in Sources */ = {isa = PBXBuildFile; fileRef = 8693767A1F3B2B4A0051E7CE /* SelectedExtrasType.swift */; };
		8693767D1F3B2BA80051E7CE /* SelectedExtrasType.xib in Resources */ = {isa = PBXBuildFile; fileRef = 8693767C1F3B2BA80051E7CE /* SelectedExtrasType.xib */; };
		86CBD45B1F34968C00806E67 /* SelectedDrinkType.swift in Sources */ = {isa = PBXBuildFile; fileRef = 86CBD45A1F34968C00806E67 /* SelectedDrinkType.swift */; };
		86CBD45D1F349B9500806E67 /* SelectedDrinkType.xib in Resources */ = {isa = PBXBuildFile; fileRef = 86CBD45C1F349B9500806E67 /* SelectedDrinkType.xib */; };
		86F232581F3483B900AF6451 /* BeveragesTypeTableViewCell.swift in Sources */ = {isa = PBXBuildFile; fileRef = 86F232571F3483B900AF6451 /* BeveragesTypeTableViewCell.swift */; };
		B24091D61F442B0400F8E373 /* Accelerate.framework in Frameworks */ = {isa = PBXBuildFile; fileRef = B24091CD1F442B0400F8E373 /* Accelerate.framework */; };
		B24091D71F442B0400F8E373 /* AudioToolbox.framework in Frameworks */ = {isa = PBXBuildFile; fileRef = B24091CE1F442B0400F8E373 /* AudioToolbox.framework */; };
		B24091D81F442B0400F8E373 /* AVFoundation.framework in Frameworks */ = {isa = PBXBuildFile; fileRef = B24091CF1F442B0400F8E373 /* AVFoundation.framework */; };
		B24091D91F442B0400F8E373 /* CoreLocation.framework in Frameworks */ = {isa = PBXBuildFile; fileRef = B24091D01F442B0400F8E373 /* CoreLocation.framework */; };
		B24091DA1F442B0400F8E373 /* CoreMedia.framework in Frameworks */ = {isa = PBXBuildFile; fileRef = B24091D11F442B0400F8E373 /* CoreMedia.framework */; };
		B24091DB1F442B0400F8E373 /* MessageUI.framework in Frameworks */ = {isa = PBXBuildFile; fileRef = B24091D21F442B0400F8E373 /* MessageUI.framework */; };
		B24091DC1F442B0400F8E373 /* MobileCoreServices.framework in Frameworks */ = {isa = PBXBuildFile; fileRef = B24091D31F442B0400F8E373 /* MobileCoreServices.framework */; };
		B24091DD1F442B0400F8E373 /* SafariServices.framework in Frameworks */ = {isa = PBXBuildFile; fileRef = B24091D41F442B0400F8E373 /* SafariServices.framework */; };
		B24091DE1F442B0400F8E373 /* SystemConfiguration.framework in Frameworks */ = {isa = PBXBuildFile; fileRef = B24091D51F442B0400F8E373 /* SystemConfiguration.framework */; };
		CE0359E21F3460E300969B2F /* CheckoutViewController.swift in Sources */ = {isa = PBXBuildFile; fileRef = CE0359E11F3460E300969B2F /* CheckoutViewController.swift */; };
		CE0C5E351F3AF6B600687B95 /* Info.plist in Resources */ = {isa = PBXBuildFile; fileRef = CE390D491F28B3B700014BE7 /* Info.plist */; };
		CE0C5E381F3B44F000687B95 /* LaunchScreen.storyboard in Resources */ = {isa = PBXBuildFile; fileRef = CE0C5E361F3B44F000687B95 /* LaunchScreen.storyboard */; };
		CE1022C21F34B203008A28EA /* Constants.swift in Sources */ = {isa = PBXBuildFile; fileRef = CE1022C11F34B203008A28EA /* Constants.swift */; };
		CE1022C41F34BA16008A28EA /* LaunchViewController.swift in Sources */ = {isa = PBXBuildFile; fileRef = CE1022C31F34BA16008A28EA /* LaunchViewController.swift */; };
		CE1022C61F34BEBE008A28EA /* Beverage.swift in Sources */ = {isa = PBXBuildFile; fileRef = CE1022C51F34BEBE008A28EA /* Beverage.swift */; };
		CE1022C81F34BEE5008A28EA /* Extra.swift in Sources */ = {isa = PBXBuildFile; fileRef = CE1022C71F34BEE5008A28EA /* Extra.swift */; };
		CE11AD221F3C5043009573E6 /* OrderItem.swift in Sources */ = {isa = PBXBuildFile; fileRef = CE11AD211F3C5043009573E6 /* OrderItem.swift */; };
		CE11AD241F3C51BA009573E6 /* OrderIngredient.swift in Sources */ = {isa = PBXBuildFile; fileRef = CE11AD231F3C51BA009573E6 /* OrderIngredient.swift */; };
		CE11AD261F3C6364009573E6 /* Order.swift in Sources */ = {isa = PBXBuildFile; fileRef = CE11AD251F3C6364009573E6 /* Order.swift */; };
		CE11AD2A1F3C6B21009573E6 /* order_item v2.json in Resources */ = {isa = PBXBuildFile; fileRef = CE11AD291F3C6B21009573E6 /* order_item v2.json */; };
		CE168DAE1F30763B00721F5B /* MenuViewController.swift in Sources */ = {isa = PBXBuildFile; fileRef = CE168DAD1F30763B00721F5B /* MenuViewController.swift */; };
		CE168DB01F308A6500721F5B /* ContainerViewController.swift in Sources */ = {isa = PBXBuildFile; fileRef = CE168DAF1F308A6500721F5B /* ContainerViewController.swift */; };
		CE168DB21F308DB500721F5B /* EmptySegue.swift in Sources */ = {isa = PBXBuildFile; fileRef = CE168DB11F308DB500721F5B /* EmptySegue.swift */; };
		CE20316B1F3846000045B00D /* StyleableSegmentedControl.swift in Sources */ = {isa = PBXBuildFile; fileRef = CE20316A1F3846000045B00D /* StyleableSegmentedControl.swift */; };
		CE2D044F1F345C660074ECBC /* UIViewExtension.swift in Sources */ = {isa = PBXBuildFile; fileRef = CE2D044E1F345C660074ECBC /* UIViewExtension.swift */; };
		CE2D04511F346F260074ECBC /* MyColors.swift in Sources */ = {isa = PBXBuildFile; fileRef = CE2D04501F346F260074ECBC /* MyColors.swift */; };
		CE2D04531F346F4F0074ECBC /* Product.swift in Sources */ = {isa = PBXBuildFile; fileRef = CE2D04521F346F4F0074ECBC /* Product.swift */; };
		CE2D04551F347B8B0074ECBC /* ServingSize.swift in Sources */ = {isa = PBXBuildFile; fileRef = CE2D04541F347B8B0074ECBC /* ServingSize.swift */; };
		CE2D04571F347E050074ECBC /* ProductType.swift in Sources */ = {isa = PBXBuildFile; fileRef = CE2D04561F347E050074ECBC /* ProductType.swift */; };
		CE2D04591F3480F20074ECBC /* Ingredient.swift in Sources */ = {isa = PBXBuildFile; fileRef = CE2D04581F3480F20074ECBC /* Ingredient.swift */; };
		CE2D045E1F3485750074ECBC /* LocalRequest.swift in Sources */ = {isa = PBXBuildFile; fileRef = CE2D045D1F3485750074ECBC /* LocalRequest.swift */; };
		CE390D3E1F28B3B700014BE7 /* AppDelegate.swift in Sources */ = {isa = PBXBuildFile; fileRef = CE390D3D1F28B3B700014BE7 /* AppDelegate.swift */; };
		CE390D401F28B3B700014BE7 /* ViewController.swift in Sources */ = {isa = PBXBuildFile; fileRef = CE390D3F1F28B3B700014BE7 /* ViewController.swift */; };
		CE390D431F28B3B700014BE7 /* Main.storyboard in Resources */ = {isa = PBXBuildFile; fileRef = CE390D411F28B3B700014BE7 /* Main.storyboard */; };
		CE390D511F28BCBC00014BE7 /* StyleableTextField.swift in Sources */ = {isa = PBXBuildFile; fileRef = CE390D501F28BCBC00014BE7 /* StyleableTextField.swift */; };
		CE390D531F28BE9000014BE7 /* StyleableButton.swift in Sources */ = {isa = PBXBuildFile; fileRef = CE390D521F28BE9000014BE7 /* StyleableButton.swift */; };
		CE390D621F28C3A200014BE7 /* fontawesome-webfont.ttf in Resources */ = {isa = PBXBuildFile; fileRef = CE390D571F28C3A200014BE7 /* fontawesome-webfont.ttf */; };
		CE390D631F28C3A200014BE7 /* Roboto-BlackItalic.ttf in Resources */ = {isa = PBXBuildFile; fileRef = CE390D581F28C3A200014BE7 /* Roboto-BlackItalic.ttf */; };
		CE390D641F28C3A200014BE7 /* Roboto-Bold.ttf in Resources */ = {isa = PBXBuildFile; fileRef = CE390D591F28C3A200014BE7 /* Roboto-Bold.ttf */; };
		CE390D651F28C3A200014BE7 /* Roboto-BoldItalic.ttf in Resources */ = {isa = PBXBuildFile; fileRef = CE390D5A1F28C3A200014BE7 /* Roboto-BoldItalic.ttf */; };
		CE390D661F28C3A200014BE7 /* Roboto-Italic.ttf in Resources */ = {isa = PBXBuildFile; fileRef = CE390D5B1F28C3A200014BE7 /* Roboto-Italic.ttf */; };
		CE390D671F28C3A200014BE7 /* Roboto-LightItalic.ttf in Resources */ = {isa = PBXBuildFile; fileRef = CE390D5C1F28C3A200014BE7 /* Roboto-LightItalic.ttf */; };
		CE390D681F28C3A200014BE7 /* Roboto-Medium.ttf in Resources */ = {isa = PBXBuildFile; fileRef = CE390D5D1F28C3A200014BE7 /* Roboto-Medium.ttf */; };
		CE390D691F28C3A200014BE7 /* Roboto-MediumItalic.ttf in Resources */ = {isa = PBXBuildFile; fileRef = CE390D5E1F28C3A200014BE7 /* Roboto-MediumItalic.ttf */; };
		CE390D6A1F28C3A200014BE7 /* Roboto-Regular.ttf in Resources */ = {isa = PBXBuildFile; fileRef = CE390D5F1F28C3A200014BE7 /* Roboto-Regular.ttf */; };
		CE390D6B1F28C3A200014BE7 /* Roboto-Thin.ttf in Resources */ = {isa = PBXBuildFile; fileRef = CE390D601F28C3A200014BE7 /* Roboto-Thin.ttf */; };
		CE390D6C1F28C3A200014BE7 /* Roboto-ThinItalic.ttf in Resources */ = {isa = PBXBuildFile; fileRef = CE390D611F28C3A200014BE7 /* Roboto-ThinItalic.ttf */; };
		CE390D6E1F28DEEB00014BE7 /* ViewWithShadow.swift in Sources */ = {isa = PBXBuildFile; fileRef = CE390D6D1F28DEEB00014BE7 /* ViewWithShadow.swift */; };
		CE390D701F28E2D500014BE7 /* SettingsViewController.swift in Sources */ = {isa = PBXBuildFile; fileRef = CE390D6F1F28E2D500014BE7 /* SettingsViewController.swift */; };
		CE42C9F61F3D90430037FF31 /* CreditCard.swift in Sources */ = {isa = PBXBuildFile; fileRef = CE42C9F41F3D90430037FF31 /* CreditCard.swift */; };
		CE42C9F71F3D90430037FF31 /* User.swift in Sources */ = {isa = PBXBuildFile; fileRef = CE42C9F51F3D90430037FF31 /* User.swift */; };
		CE42C9F91F3D998E0037FF31 /* user.json in Resources */ = {isa = PBXBuildFile; fileRef = CE42C9F81F3D998E0037FF31 /* user.json */; };
		CE42C9FB1F3DA3D90037FF31 /* APIRouter.swift in Sources */ = {isa = PBXBuildFile; fileRef = CE42C9FA1F3DA3D90037FF31 /* APIRouter.swift */; };
		CE42C9FD1F3DA52D0037FF31 /* APIParameters.swift in Sources */ = {isa = PBXBuildFile; fileRef = CE42C9FC1F3DA52D0037FF31 /* APIParameters.swift */; };
		CE4449E81F4475120033539F /* Assets.xcassets in Resources */ = {isa = PBXBuildFile; fileRef = CE0C5E311F3AED9B00687B95 /* Assets.xcassets */; };
		CE4449EA1F4484430033539F /* OrderHelper.swift in Sources */ = {isa = PBXBuildFile; fileRef = CE4449E91F4484430033539F /* OrderHelper.swift */; };
		CE49CDD61F2F154400EC114F /* SettingsViewControllerExtension.swift in Sources */ = {isa = PBXBuildFile; fileRef = CE49CDD51F2F154400EC114F /* SettingsViewControllerExtension.swift */; };
		CE49CDD81F2F6F2600EC114F /* PizzaTypeTableViewCell.swift in Sources */ = {isa = PBXBuildFile; fileRef = CE49CDD71F2F6F2600EC114F /* PizzaTypeTableViewCell.swift */; };
		CE5522A41F4440BB00A540B5 /* CheckoutViewControllerExtension.swift in Sources */ = {isa = PBXBuildFile; fileRef = CE5522A31F4440BB00A540B5 /* CheckoutViewControllerExtension.swift */; };
		CE579B291F41AABC00BE1024 /* APIRequest.swift in Sources */ = {isa = PBXBuildFile; fileRef = CE579B281F41AABC00BE1024 /* APIRequest.swift */; };
		CE579B2B1F41BAC100BE1024 /* ServerError.swift in Sources */ = {isa = PBXBuildFile; fileRef = CE579B2A1F41BAC100BE1024 /* ServerError.swift */; };
		CE579B2D1F41BB6000BE1024 /* Reachability.swift in Sources */ = {isa = PBXBuildFile; fileRef = CE579B2C1F41BB6000BE1024 /* Reachability.swift */; };
		CE5B7DDE1F39C5020060D69C /* StyleableImageView.swift in Sources */ = {isa = PBXBuildFile; fileRef = CE5B7DDD1F39C5020060D69C /* StyleableImageView.swift */; };
		CE5B7DE21F39DBA90060D69C /* raw.json in Resources */ = {isa = PBXBuildFile; fileRef = CE5B7DE11F39DBA90060D69C /* raw.json */; };
		CE6C09B31F309B1A00D9C9EA /* FoodViewController.swift in Sources */ = {isa = PBXBuildFile; fileRef = CE6C09B21F309B1A00D9C9EA /* FoodViewController.swift */; };
		CE6C09B51F309B2800D9C9EA /* BeveragesViewController.swift in Sources */ = {isa = PBXBuildFile; fileRef = CE6C09B41F309B2800D9C9EA /* BeveragesViewController.swift */; };
		CE6C09B71F309B3200D9C9EA /* ExtrasViewController.swift in Sources */ = {isa = PBXBuildFile; fileRef = CE6C09B61F309B3200D9C9EA /* ExtrasViewController.swift */; };
		CE6C09B91F309B4600D9C9EA /* FoodViewControllerExtension.swift in Sources */ = {isa = PBXBuildFile; fileRef = CE6C09B81F309B4600D9C9EA /* FoodViewControllerExtension.swift */; };
		CE6C09BB1F309B5900D9C9EA /* BeveragesViewControllerExtension.swift in Sources */ = {isa = PBXBuildFile; fileRef = CE6C09BA1F309B5900D9C9EA /* BeveragesViewControllerExtension.swift */; };
		CE6C09BD1F309B6A00D9C9EA /* ExtrasViewControllerExtensions.swift in Sources */ = {isa = PBXBuildFile; fileRef = CE6C09BC1F309B6A00D9C9EA /* ExtrasViewControllerExtensions.swift */; };
		CE6C09BF1F30A0F200D9C9EA /* FoodTypeTableViewCell.swift in Sources */ = {isa = PBXBuildFile; fileRef = CE6C09BE1F30A0F200D9C9EA /* FoodTypeTableViewCell.swift */; };
		CE6C09C71F30B99B00D9C9EA /* SelectedPizzaType.swift in Sources */ = {isa = PBXBuildFile; fileRef = CE6C09C61F30B99B00D9C9EA /* SelectedPizzaType.swift */; };
		CE6C09C91F30B9B300D9C9EA /* SelectedPizzaType.xib in Resources */ = {isa = PBXBuildFile; fileRef = CE6C09C81F30B9B300D9C9EA /* SelectedPizzaType.xib */; };
		CE87A3551F2B52E300645A47 /* OrderHistoryViewController.swift in Sources */ = {isa = PBXBuildFile; fileRef = CE87A3541F2B52E300645A47 /* OrderHistoryViewController.swift */; };
		CE87A3571F2B531900645A47 /* OrderHistoryViewControllerExtension.swift in Sources */ = {isa = PBXBuildFile; fileRef = CE87A3561F2B531900645A47 /* OrderHistoryViewControllerExtension.swift */; };
		CE87A3591F2B537C00645A47 /* OrderHistoryTableViewCell.swift in Sources */ = {isa = PBXBuildFile; fileRef = CE87A3581F2B537C00645A47 /* OrderHistoryTableViewCell.swift */; };
		CEDB61F41F3B0611004DAE66 /* PayPalViewController.swift in Sources */ = {isa = PBXBuildFile; fileRef = CEDB61F31F3B0611004DAE66 /* PayPalViewController.swift */; };
		CEDB61F61F3B2FEC004DAE66 /* StyleableTextFieldWithPadding.swift in Sources */ = {isa = PBXBuildFile; fileRef = CEDB61F51F3B2FEC004DAE66 /* StyleableTextFieldWithPadding.swift */; };
		CEE477281F3C8A340000BE64 /* OrderProduct.swift in Sources */ = {isa = PBXBuildFile; fileRef = CEE477271F3C8A340000BE64 /* OrderProduct.swift */; };
		CEF1997E1F3327E1005E74B4 /* SideMenuViewController.swift in Sources */ = {isa = PBXBuildFile; fileRef = CEF1997D1F3327E1005E74B4 /* SideMenuViewController.swift */; };
		CEF199811F334739005E74B4 /* LegalViewController.swift in Sources */ = {isa = PBXBuildFile; fileRef = CEF199801F334739005E74B4 /* LegalViewController.swift */; };
		CEF199841F336B2C005E74B4 /* Alert.swift in Sources */ = {isa = PBXBuildFile; fileRef = CEF199831F336B2C005E74B4 /* Alert.swift */; };
		CEF199861F3373DA005E74B4 /* Regex.swift in Sources */ = {isa = PBXBuildFile; fileRef = CEF199851F3373DA005E74B4 /* Regex.swift */; };
		CEF305161F29CDDC009A740A /* CreateYourOwnViewController.swift in Sources */ = {isa = PBXBuildFile; fileRef = CEF305151F29CDDC009A740A /* CreateYourOwnViewController.swift */; };
		CEF305181F2A02F7009A740A /* IngredientTableViewCell.swift in Sources */ = {isa = PBXBuildFile; fileRef = CEF305171F2A02F7009A740A /* IngredientTableViewCell.swift */; };
		CEF3051B1F2A057D009A740A /* CreateYourOwnViewControllerExtension.swift in Sources */ = {isa = PBXBuildFile; fileRef = CEF3051A1F2A057D009A740A /* CreateYourOwnViewControllerExtension.swift */; };
		CEF3051D1F2A2413009A740A /* IngredientGroupTableViewCell.swift in Sources */ = {isa = PBXBuildFile; fileRef = CEF3051C1F2A2413009A740A /* IngredientGroupTableViewCell.swift */; };
/* End PBXBuildFile section */

/* Begin PBXFileReference section */
		3E3F92601052C8669D8A0A86 /* Pods_DeliveryAmp.framework */ = {isa = PBXFileReference; explicitFileType = wrapper.framework; includeInIndex = 0; path = Pods_DeliveryAmp.framework; sourceTree = BUILT_PRODUCTS_DIR; };
		869376781F3B1C7B0051E7CE /* ExtrasTypeTableViewCell.swift */ = {isa = PBXFileReference; fileEncoding = 4; lastKnownFileType = sourcecode.swift; path = ExtrasTypeTableViewCell.swift; sourceTree = "<group>"; };
		8693767A1F3B2B4A0051E7CE /* SelectedExtrasType.swift */ = {isa = PBXFileReference; fileEncoding = 4; lastKnownFileType = sourcecode.swift; path = SelectedExtrasType.swift; sourceTree = "<group>"; };
		8693767C1F3B2BA80051E7CE /* SelectedExtrasType.xib */ = {isa = PBXFileReference; fileEncoding = 4; lastKnownFileType = file.xib; path = SelectedExtrasType.xib; sourceTree = "<group>"; };
		86CBD45A1F34968C00806E67 /* SelectedDrinkType.swift */ = {isa = PBXFileReference; fileEncoding = 4; lastKnownFileType = sourcecode.swift; path = SelectedDrinkType.swift; sourceTree = "<group>"; };
		86CBD45C1F349B9500806E67 /* SelectedDrinkType.xib */ = {isa = PBXFileReference; fileEncoding = 4; lastKnownFileType = file.xib; path = SelectedDrinkType.xib; sourceTree = "<group>"; };
		86F232571F3483B900AF6451 /* BeveragesTypeTableViewCell.swift */ = {isa = PBXFileReference; fileEncoding = 4; lastKnownFileType = sourcecode.swift; path = BeveragesTypeTableViewCell.swift; sourceTree = "<group>"; };
		8F6CC2E9BCDF940870106FEC /* Pods-DeliveryAmp.release.xcconfig */ = {isa = PBXFileReference; includeInIndex = 1; lastKnownFileType = text.xcconfig; name = "Pods-DeliveryAmp.release.xcconfig"; path = "Pods/Target Support Files/Pods-DeliveryAmp/Pods-DeliveryAmp.release.xcconfig"; sourceTree = "<group>"; };
		AF3E5A6405998788F99B2F0E /* Pods-DeliveryAmp.debug.xcconfig */ = {isa = PBXFileReference; includeInIndex = 1; lastKnownFileType = text.xcconfig; name = "Pods-DeliveryAmp.debug.xcconfig"; path = "Pods/Target Support Files/Pods-DeliveryAmp/Pods-DeliveryAmp.debug.xcconfig"; sourceTree = "<group>"; };
		B24091CD1F442B0400F8E373 /* Accelerate.framework */ = {isa = PBXFileReference; lastKnownFileType = wrapper.framework; name = Accelerate.framework; path = System/Library/Frameworks/Accelerate.framework; sourceTree = SDKROOT; };
		B24091CE1F442B0400F8E373 /* AudioToolbox.framework */ = {isa = PBXFileReference; lastKnownFileType = wrapper.framework; name = AudioToolbox.framework; path = System/Library/Frameworks/AudioToolbox.framework; sourceTree = SDKROOT; };
		B24091CF1F442B0400F8E373 /* AVFoundation.framework */ = {isa = PBXFileReference; lastKnownFileType = wrapper.framework; name = AVFoundation.framework; path = System/Library/Frameworks/AVFoundation.framework; sourceTree = SDKROOT; };
		B24091D01F442B0400F8E373 /* CoreLocation.framework */ = {isa = PBXFileReference; lastKnownFileType = wrapper.framework; name = CoreLocation.framework; path = System/Library/Frameworks/CoreLocation.framework; sourceTree = SDKROOT; };
		B24091D11F442B0400F8E373 /* CoreMedia.framework */ = {isa = PBXFileReference; lastKnownFileType = wrapper.framework; name = CoreMedia.framework; path = System/Library/Frameworks/CoreMedia.framework; sourceTree = SDKROOT; };
		B24091D21F442B0400F8E373 /* MessageUI.framework */ = {isa = PBXFileReference; lastKnownFileType = wrapper.framework; name = MessageUI.framework; path = System/Library/Frameworks/MessageUI.framework; sourceTree = SDKROOT; };
		B24091D31F442B0400F8E373 /* MobileCoreServices.framework */ = {isa = PBXFileReference; lastKnownFileType = wrapper.framework; name = MobileCoreServices.framework; path = System/Library/Frameworks/MobileCoreServices.framework; sourceTree = SDKROOT; };
		B24091D41F442B0400F8E373 /* SafariServices.framework */ = {isa = PBXFileReference; lastKnownFileType = wrapper.framework; name = SafariServices.framework; path = System/Library/Frameworks/SafariServices.framework; sourceTree = SDKROOT; };
		B24091D51F442B0400F8E373 /* SystemConfiguration.framework */ = {isa = PBXFileReference; lastKnownFileType = wrapper.framework; name = SystemConfiguration.framework; path = System/Library/Frameworks/SystemConfiguration.framework; sourceTree = SDKROOT; };
		CE0359E11F3460E300969B2F /* CheckoutViewController.swift */ = {isa = PBXFileReference; lastKnownFileType = sourcecode.swift; path = CheckoutViewController.swift; sourceTree = "<group>"; };
		CE0C5E311F3AED9B00687B95 /* Assets.xcassets */ = {isa = PBXFileReference; lastKnownFileType = folder.assetcatalog; path = Assets.xcassets; sourceTree = "<group>"; };
		CE0C5E371F3B44F000687B95 /* Base */ = {isa = PBXFileReference; lastKnownFileType = file.storyboard; name = Base; path = Base.lproj/LaunchScreen.storyboard; sourceTree = "<group>"; };
		CE1022C11F34B203008A28EA /* Constants.swift */ = {isa = PBXFileReference; fileEncoding = 4; lastKnownFileType = sourcecode.swift; name = Constants.swift; path = Helpers/Constants.swift; sourceTree = "<group>"; };
		CE1022C31F34BA16008A28EA /* LaunchViewController.swift */ = {isa = PBXFileReference; fileEncoding = 4; lastKnownFileType = sourcecode.swift; name = LaunchViewController.swift; path = Controllers/LaunchViewController.swift; sourceTree = "<group>"; };
		CE1022C51F34BEBE008A28EA /* Beverage.swift */ = {isa = PBXFileReference; fileEncoding = 4; lastKnownFileType = sourcecode.swift; name = Beverage.swift; path = Models/Beverage.swift; sourceTree = "<group>"; };
		CE1022C71F34BEE5008A28EA /* Extra.swift */ = {isa = PBXFileReference; fileEncoding = 4; lastKnownFileType = sourcecode.swift; name = Extra.swift; path = Models/Extra.swift; sourceTree = "<group>"; };
		CE11AD211F3C5043009573E6 /* OrderItem.swift */ = {isa = PBXFileReference; fileEncoding = 4; lastKnownFileType = sourcecode.swift; name = OrderItem.swift; path = Models/OrderItem.swift; sourceTree = "<group>"; };
		CE11AD231F3C51BA009573E6 /* OrderIngredient.swift */ = {isa = PBXFileReference; fileEncoding = 4; lastKnownFileType = sourcecode.swift; name = OrderIngredient.swift; path = Models/OrderIngredient.swift; sourceTree = "<group>"; };
		CE11AD251F3C6364009573E6 /* Order.swift */ = {isa = PBXFileReference; fileEncoding = 4; lastKnownFileType = sourcecode.swift; name = Order.swift; path = Models/Order.swift; sourceTree = "<group>"; };
		CE11AD291F3C6B21009573E6 /* order_item v2.json */ = {isa = PBXFileReference; fileEncoding = 4; lastKnownFileType = text.json; path = "order_item v2.json"; sourceTree = "<group>"; };
		CE168DAD1F30763B00721F5B /* MenuViewController.swift */ = {isa = PBXFileReference; fileEncoding = 4; lastKnownFileType = sourcecode.swift; name = MenuViewController.swift; path = Controllers/MenuViewController.swift; sourceTree = "<group>"; };
		CE168DAF1F308A6500721F5B /* ContainerViewController.swift */ = {isa = PBXFileReference; fileEncoding = 4; lastKnownFileType = sourcecode.swift; name = ContainerViewController.swift; path = Container/ContainerViewController.swift; sourceTree = "<group>"; };
		CE168DB11F308DB500721F5B /* EmptySegue.swift */ = {isa = PBXFileReference; fileEncoding = 4; lastKnownFileType = sourcecode.swift; name = EmptySegue.swift; path = Container/EmptySegue.swift; sourceTree = "<group>"; };
		CE20316A1F3846000045B00D /* StyleableSegmentedControl.swift */ = {isa = PBXFileReference; lastKnownFileType = sourcecode.swift; path = StyleableSegmentedControl.swift; sourceTree = "<group>"; };
		CE20316C1F386EEB0045B00D /* Bridging-Header.h */ = {isa = PBXFileReference; lastKnownFileType = sourcecode.c.h; path = "Bridging-Header.h"; sourceTree = "<group>"; };
		CE2D044E1F345C660074ECBC /* UIViewExtension.swift */ = {isa = PBXFileReference; fileEncoding = 4; lastKnownFileType = sourcecode.swift; name = UIViewExtension.swift; path = Extensions/UIViewExtension.swift; sourceTree = "<group>"; };
		CE2D04501F346F260074ECBC /* MyColors.swift */ = {isa = PBXFileReference; fileEncoding = 4; lastKnownFileType = sourcecode.swift; name = MyColors.swift; path = Colors/MyColors.swift; sourceTree = "<group>"; };
		CE2D04521F346F4F0074ECBC /* Product.swift */ = {isa = PBXFileReference; fileEncoding = 4; lastKnownFileType = sourcecode.swift; name = Product.swift; path = Models/Product.swift; sourceTree = "<group>"; };
		CE2D04541F347B8B0074ECBC /* ServingSize.swift */ = {isa = PBXFileReference; fileEncoding = 4; lastKnownFileType = sourcecode.swift; name = ServingSize.swift; path = Models/ServingSize.swift; sourceTree = "<group>"; };
		CE2D04561F347E050074ECBC /* ProductType.swift */ = {isa = PBXFileReference; fileEncoding = 4; lastKnownFileType = sourcecode.swift; name = ProductType.swift; path = Models/ProductType.swift; sourceTree = "<group>"; };
		CE2D04581F3480F20074ECBC /* Ingredient.swift */ = {isa = PBXFileReference; fileEncoding = 4; lastKnownFileType = sourcecode.swift; name = Ingredient.swift; path = Models/Ingredient.swift; sourceTree = "<group>"; };
		CE2D045D1F3485750074ECBC /* LocalRequest.swift */ = {isa = PBXFileReference; fileEncoding = 4; lastKnownFileType = sourcecode.swift; name = LocalRequest.swift; path = APIManager/LocalRequest.swift; sourceTree = "<group>"; };
		CE390D3A1F28B3B700014BE7 /* DeliveryAmp.app */ = {isa = PBXFileReference; explicitFileType = wrapper.application; includeInIndex = 0; path = DeliveryAmp.app; sourceTree = BUILT_PRODUCTS_DIR; };
		CE390D3D1F28B3B700014BE7 /* AppDelegate.swift */ = {isa = PBXFileReference; lastKnownFileType = sourcecode.swift; path = AppDelegate.swift; sourceTree = "<group>"; };
		CE390D3F1F28B3B700014BE7 /* ViewController.swift */ = {isa = PBXFileReference; lastKnownFileType = sourcecode.swift; path = ViewController.swift; sourceTree = "<group>"; };
		CE390D421F28B3B700014BE7 /* Base */ = {isa = PBXFileReference; lastKnownFileType = file.storyboard; name = Base; path = Base.lproj/Main.storyboard; sourceTree = "<group>"; };
		CE390D491F28B3B700014BE7 /* Info.plist */ = {isa = PBXFileReference; lastKnownFileType = text.plist.xml; path = Info.plist; sourceTree = "<group>"; };
		CE390D501F28BCBC00014BE7 /* StyleableTextField.swift */ = {isa = PBXFileReference; fileEncoding = 4; lastKnownFileType = sourcecode.swift; name = StyleableTextField.swift; path = Views/StyleableTextField.swift; sourceTree = "<group>"; };
		CE390D521F28BE9000014BE7 /* StyleableButton.swift */ = {isa = PBXFileReference; fileEncoding = 4; lastKnownFileType = sourcecode.swift; name = StyleableButton.swift; path = Views/StyleableButton.swift; sourceTree = "<group>"; };
		CE390D571F28C3A200014BE7 /* fontawesome-webfont.ttf */ = {isa = PBXFileReference; lastKnownFileType = file; name = "fontawesome-webfont.ttf"; path = "Fonts/fontawesome-webfont.ttf"; sourceTree = "<group>"; };
		CE390D581F28C3A200014BE7 /* Roboto-BlackItalic.ttf */ = {isa = PBXFileReference; lastKnownFileType = file; name = "Roboto-BlackItalic.ttf"; path = "Fonts/Roboto-BlackItalic.ttf"; sourceTree = "<group>"; };
		CE390D591F28C3A200014BE7 /* Roboto-Bold.ttf */ = {isa = PBXFileReference; lastKnownFileType = file; name = "Roboto-Bold.ttf"; path = "Fonts/Roboto-Bold.ttf"; sourceTree = "<group>"; };
		CE390D5A1F28C3A200014BE7 /* Roboto-BoldItalic.ttf */ = {isa = PBXFileReference; lastKnownFileType = file; name = "Roboto-BoldItalic.ttf"; path = "Fonts/Roboto-BoldItalic.ttf"; sourceTree = "<group>"; };
		CE390D5B1F28C3A200014BE7 /* Roboto-Italic.ttf */ = {isa = PBXFileReference; lastKnownFileType = file; name = "Roboto-Italic.ttf"; path = "Fonts/Roboto-Italic.ttf"; sourceTree = "<group>"; };
		CE390D5C1F28C3A200014BE7 /* Roboto-LightItalic.ttf */ = {isa = PBXFileReference; lastKnownFileType = file; name = "Roboto-LightItalic.ttf"; path = "Fonts/Roboto-LightItalic.ttf"; sourceTree = "<group>"; };
		CE390D5D1F28C3A200014BE7 /* Roboto-Medium.ttf */ = {isa = PBXFileReference; lastKnownFileType = file; name = "Roboto-Medium.ttf"; path = "Fonts/Roboto-Medium.ttf"; sourceTree = "<group>"; };
		CE390D5E1F28C3A200014BE7 /* Roboto-MediumItalic.ttf */ = {isa = PBXFileReference; lastKnownFileType = file; name = "Roboto-MediumItalic.ttf"; path = "Fonts/Roboto-MediumItalic.ttf"; sourceTree = "<group>"; };
		CE390D5F1F28C3A200014BE7 /* Roboto-Regular.ttf */ = {isa = PBXFileReference; lastKnownFileType = file; name = "Roboto-Regular.ttf"; path = "Fonts/Roboto-Regular.ttf"; sourceTree = "<group>"; };
		CE390D601F28C3A200014BE7 /* Roboto-Thin.ttf */ = {isa = PBXFileReference; lastKnownFileType = file; name = "Roboto-Thin.ttf"; path = "Fonts/Roboto-Thin.ttf"; sourceTree = "<group>"; };
		CE390D611F28C3A200014BE7 /* Roboto-ThinItalic.ttf */ = {isa = PBXFileReference; lastKnownFileType = file; name = "Roboto-ThinItalic.ttf"; path = "Fonts/Roboto-ThinItalic.ttf"; sourceTree = "<group>"; };
		CE390D6D1F28DEEB00014BE7 /* ViewWithShadow.swift */ = {isa = PBXFileReference; fileEncoding = 4; lastKnownFileType = sourcecode.swift; name = ViewWithShadow.swift; path = Views/ViewWithShadow.swift; sourceTree = "<group>"; };
		CE390D6F1F28E2D500014BE7 /* SettingsViewController.swift */ = {isa = PBXFileReference; fileEncoding = 4; lastKnownFileType = sourcecode.swift; path = SettingsViewController.swift; sourceTree = "<group>"; };
		CE42C9F41F3D90430037FF31 /* CreditCard.swift */ = {isa = PBXFileReference; fileEncoding = 4; lastKnownFileType = sourcecode.swift; name = CreditCard.swift; path = Models/CreditCard.swift; sourceTree = "<group>"; };
		CE42C9F51F3D90430037FF31 /* User.swift */ = {isa = PBXFileReference; fileEncoding = 4; lastKnownFileType = sourcecode.swift; name = User.swift; path = Models/User.swift; sourceTree = "<group>"; };
		CE42C9F81F3D998E0037FF31 /* user.json */ = {isa = PBXFileReference; fileEncoding = 4; lastKnownFileType = text.json; path = user.json; sourceTree = "<group>"; };
		CE42C9FA1F3DA3D90037FF31 /* APIRouter.swift */ = {isa = PBXFileReference; fileEncoding = 4; lastKnownFileType = sourcecode.swift; name = APIRouter.swift; path = APIManager/APIRouter.swift; sourceTree = "<group>"; };
		CE42C9FC1F3DA52D0037FF31 /* APIParameters.swift */ = {isa = PBXFileReference; fileEncoding = 4; lastKnownFileType = sourcecode.swift; name = APIParameters.swift; path = APIManager/APIParameters.swift; sourceTree = "<group>"; };
		CE4449E91F4484430033539F /* OrderHelper.swift */ = {isa = PBXFileReference; fileEncoding = 4; lastKnownFileType = sourcecode.swift; name = OrderHelper.swift; path = Helpers/OrderHelper.swift; sourceTree = "<group>"; };
		CE49CDD51F2F154400EC114F /* SettingsViewControllerExtension.swift */ = {isa = PBXFileReference; fileEncoding = 4; lastKnownFileType = sourcecode.swift; name = SettingsViewControllerExtension.swift; path = Extensions/SettingsViewControllerExtension.swift; sourceTree = "<group>"; };
		CE49CDD71F2F6F2600EC114F /* PizzaTypeTableViewCell.swift */ = {isa = PBXFileReference; fileEncoding = 4; lastKnownFileType = sourcecode.swift; name = PizzaTypeTableViewCell.swift; path = CellViews/PizzaTypeTableViewCell.swift; sourceTree = "<group>"; };
		CE5522A31F4440BB00A540B5 /* CheckoutViewControllerExtension.swift */ = {isa = PBXFileReference; fileEncoding = 4; lastKnownFileType = sourcecode.swift; path = CheckoutViewControllerExtension.swift; sourceTree = "<group>"; };
		CE579B281F41AABC00BE1024 /* APIRequest.swift */ = {isa = PBXFileReference; fileEncoding = 4; lastKnownFileType = sourcecode.swift; name = APIRequest.swift; path = APIManager/APIRequest.swift; sourceTree = "<group>"; };
		CE579B2A1F41BAC100BE1024 /* ServerError.swift */ = {isa = PBXFileReference; fileEncoding = 4; lastKnownFileType = sourcecode.swift; name = ServerError.swift; path = Models/ServerError.swift; sourceTree = "<group>"; };
		CE579B2C1F41BB6000BE1024 /* Reachability.swift */ = {isa = PBXFileReference; fileEncoding = 4; lastKnownFileType = sourcecode.swift; name = Reachability.swift; path = Helpers/Reachability.swift; sourceTree = "<group>"; };
		CE5B7DDD1F39C5020060D69C /* StyleableImageView.swift */ = {isa = PBXFileReference; fileEncoding = 4; lastKnownFileType = sourcecode.swift; name = StyleableImageView.swift; path = Views/StyleableImageView.swift; sourceTree = "<group>"; };
		CE5B7DE11F39DBA90060D69C /* raw.json */ = {isa = PBXFileReference; fileEncoding = 4; lastKnownFileType = text.json; path = raw.json; sourceTree = "<group>"; };
		CE6C09B21F309B1A00D9C9EA /* FoodViewController.swift */ = {isa = PBXFileReference; fileEncoding = 4; lastKnownFileType = sourcecode.swift; name = FoodViewController.swift; path = Container/FoodViewController.swift; sourceTree = "<group>"; };
		CE6C09B41F309B2800D9C9EA /* BeveragesViewController.swift */ = {isa = PBXFileReference; fileEncoding = 4; lastKnownFileType = sourcecode.swift; name = BeveragesViewController.swift; path = Container/BeveragesViewController.swift; sourceTree = "<group>"; };
		CE6C09B61F309B3200D9C9EA /* ExtrasViewController.swift */ = {isa = PBXFileReference; fileEncoding = 4; lastKnownFileType = sourcecode.swift; name = ExtrasViewController.swift; path = Container/ExtrasViewController.swift; sourceTree = "<group>"; };
		CE6C09B81F309B4600D9C9EA /* FoodViewControllerExtension.swift */ = {isa = PBXFileReference; fileEncoding = 4; lastKnownFileType = sourcecode.swift; name = FoodViewControllerExtension.swift; path = Extensions/FoodViewControllerExtension.swift; sourceTree = "<group>"; };
		CE6C09BA1F309B5900D9C9EA /* BeveragesViewControllerExtension.swift */ = {isa = PBXFileReference; fileEncoding = 4; lastKnownFileType = sourcecode.swift; name = BeveragesViewControllerExtension.swift; path = Extensions/BeveragesViewControllerExtension.swift; sourceTree = "<group>"; };
		CE6C09BC1F309B6A00D9C9EA /* ExtrasViewControllerExtensions.swift */ = {isa = PBXFileReference; fileEncoding = 4; lastKnownFileType = sourcecode.swift; name = ExtrasViewControllerExtensions.swift; path = Extensions/ExtrasViewControllerExtensions.swift; sourceTree = "<group>"; };
		CE6C09BE1F30A0F200D9C9EA /* FoodTypeTableViewCell.swift */ = {isa = PBXFileReference; fileEncoding = 4; lastKnownFileType = sourcecode.swift; name = FoodTypeTableViewCell.swift; path = CellViews/FoodTypeTableViewCell.swift; sourceTree = "<group>"; };
		CE6C09C61F30B99B00D9C9EA /* SelectedPizzaType.swift */ = {isa = PBXFileReference; fileEncoding = 4; lastKnownFileType = sourcecode.swift; name = SelectedPizzaType.swift; path = Views/SelectedPizzaType.swift; sourceTree = "<group>"; };
		CE6C09C81F30B9B300D9C9EA /* SelectedPizzaType.xib */ = {isa = PBXFileReference; fileEncoding = 4; lastKnownFileType = file.xib; name = SelectedPizzaType.xib; path = Views/SelectedPizzaType.xib; sourceTree = "<group>"; };
		CE87A3541F2B52E300645A47 /* OrderHistoryViewController.swift */ = {isa = PBXFileReference; fileEncoding = 4; lastKnownFileType = sourcecode.swift; path = OrderHistoryViewController.swift; sourceTree = "<group>"; };
		CE87A3561F2B531900645A47 /* OrderHistoryViewControllerExtension.swift */ = {isa = PBXFileReference; fileEncoding = 4; lastKnownFileType = sourcecode.swift; name = OrderHistoryViewControllerExtension.swift; path = Extensions/OrderHistoryViewControllerExtension.swift; sourceTree = "<group>"; };
		CE87A3581F2B537C00645A47 /* OrderHistoryTableViewCell.swift */ = {isa = PBXFileReference; fileEncoding = 4; lastKnownFileType = sourcecode.swift; name = OrderHistoryTableViewCell.swift; path = CellViews/OrderHistoryTableViewCell.swift; sourceTree = "<group>"; };
		CEDB61F31F3B0611004DAE66 /* PayPalViewController.swift */ = {isa = PBXFileReference; lastKnownFileType = sourcecode.swift; path = PayPalViewController.swift; sourceTree = "<group>"; };
		CEDB61F51F3B2FEC004DAE66 /* StyleableTextFieldWithPadding.swift */ = {isa = PBXFileReference; lastKnownFileType = sourcecode.swift; path = StyleableTextFieldWithPadding.swift; sourceTree = "<group>"; };
		CEE477271F3C8A340000BE64 /* OrderProduct.swift */ = {isa = PBXFileReference; fileEncoding = 4; lastKnownFileType = sourcecode.swift; name = OrderProduct.swift; path = Models/OrderProduct.swift; sourceTree = "<group>"; };
		CEF1997D1F3327E1005E74B4 /* SideMenuViewController.swift */ = {isa = PBXFileReference; fileEncoding = 4; lastKnownFileType = sourcecode.swift; path = SideMenuViewController.swift; sourceTree = "<group>"; };
		CEF199801F334739005E74B4 /* LegalViewController.swift */ = {isa = PBXFileReference; fileEncoding = 4; lastKnownFileType = sourcecode.swift; path = LegalViewController.swift; sourceTree = "<group>"; };
		CEF199831F336B2C005E74B4 /* Alert.swift */ = {isa = PBXFileReference; fileEncoding = 4; lastKnownFileType = sourcecode.swift; name = Alert.swift; path = Helpers/Alert.swift; sourceTree = "<group>"; };
		CEF199851F3373DA005E74B4 /* Regex.swift */ = {isa = PBXFileReference; fileEncoding = 4; lastKnownFileType = sourcecode.swift; name = Regex.swift; path = Helpers/Regex.swift; sourceTree = "<group>"; };
		CEF305151F29CDDC009A740A /* CreateYourOwnViewController.swift */ = {isa = PBXFileReference; fileEncoding = 4; lastKnownFileType = sourcecode.swift; name = CreateYourOwnViewController.swift; path = Controllers/CreateYourOwnViewController.swift; sourceTree = "<group>"; };
		CEF305171F2A02F7009A740A /* IngredientTableViewCell.swift */ = {isa = PBXFileReference; fileEncoding = 4; lastKnownFileType = sourcecode.swift; name = IngredientTableViewCell.swift; path = CellViews/IngredientTableViewCell.swift; sourceTree = "<group>"; };
		CEF3051A1F2A057D009A740A /* CreateYourOwnViewControllerExtension.swift */ = {isa = PBXFileReference; fileEncoding = 4; lastKnownFileType = sourcecode.swift; name = CreateYourOwnViewControllerExtension.swift; path = Extensions/CreateYourOwnViewControllerExtension.swift; sourceTree = "<group>"; };
		CEF3051C1F2A2413009A740A /* IngredientGroupTableViewCell.swift */ = {isa = PBXFileReference; fileEncoding = 4; lastKnownFileType = sourcecode.swift; name = IngredientGroupTableViewCell.swift; path = CellViews/IngredientGroupTableViewCell.swift; sourceTree = "<group>"; };
/* End PBXFileReference section */

/* Begin PBXFrameworksBuildPhase section */
		CE390D371F28B3B700014BE7 /* Frameworks */ = {
			isa = PBXFrameworksBuildPhase;
			buildActionMask = 2147483647;
			files = (
				B24091D61F442B0400F8E373 /* Accelerate.framework in Frameworks */,
				B24091D71F442B0400F8E373 /* AudioToolbox.framework in Frameworks */,
				B24091D81F442B0400F8E373 /* AVFoundation.framework in Frameworks */,
				B24091D91F442B0400F8E373 /* CoreLocation.framework in Frameworks */,
				B24091DA1F442B0400F8E373 /* CoreMedia.framework in Frameworks */,
				B24091DB1F442B0400F8E373 /* MessageUI.framework in Frameworks */,
				B24091DC1F442B0400F8E373 /* MobileCoreServices.framework in Frameworks */,
				B24091DD1F442B0400F8E373 /* SafariServices.framework in Frameworks */,
				B24091DE1F442B0400F8E373 /* SystemConfiguration.framework in Frameworks */,
				7B2D8BB6060FD10586244121 /* Pods_DeliveryAmp.framework in Frameworks */,
			);
			runOnlyForDeploymentPostprocessing = 0;
		};
/* End PBXFrameworksBuildPhase section */

/* Begin PBXGroup section */
		243CFE2108BCCD15752079B1 /* Frameworks */ = {
			isa = PBXGroup;
			children = (
				B24091CD1F442B0400F8E373 /* Accelerate.framework */,
				B24091CE1F442B0400F8E373 /* AudioToolbox.framework */,
				B24091CF1F442B0400F8E373 /* AVFoundation.framework */,
				B24091D01F442B0400F8E373 /* CoreLocation.framework */,
				B24091D11F442B0400F8E373 /* CoreMedia.framework */,
				B24091D21F442B0400F8E373 /* MessageUI.framework */,
				B24091D31F442B0400F8E373 /* MobileCoreServices.framework */,
				B24091D41F442B0400F8E373 /* SafariServices.framework */,
				B24091D51F442B0400F8E373 /* SystemConfiguration.framework */,
				3E3F92601052C8669D8A0A86 /* Pods_DeliveryAmp.framework */,
			);
			name = Frameworks;
			sourceTree = "<group>";
		};
		5EED9514F036F8EAAC65AB9D /* Pods */ = {
			isa = PBXGroup;
			children = (
				AF3E5A6405998788F99B2F0E /* Pods-DeliveryAmp.debug.xcconfig */,
				8F6CC2E9BCDF940870106FEC /* Pods-DeliveryAmp.release.xcconfig */,
			);
			name = Pods;
			sourceTree = "<group>";
		};
		CE168DB31F308EDA00721F5B /* Container */ = {
			isa = PBXGroup;
			children = (
				CE168DB11F308DB500721F5B /* EmptySegue.swift */,
				CE168DAF1F308A6500721F5B /* ContainerViewController.swift */,
				CE6C09B21F309B1A00D9C9EA /* FoodViewController.swift */,
				CE6C09B41F309B2800D9C9EA /* BeveragesViewController.swift */,
				CE6C09B61F309B3200D9C9EA /* ExtrasViewController.swift */,
			);
			name = Container;
			sourceTree = "<group>";
		};
		CE168DB41F308F1E00721F5B /* Controllers */ = {
			isa = PBXGroup;
			children = (
				CEF305151F29CDDC009A740A /* CreateYourOwnViewController.swift */,
				CE168DAD1F30763B00721F5B /* MenuViewController.swift */,
				CE1022C31F34BA16008A28EA /* LaunchViewController.swift */,
				CE0359E11F3460E300969B2F /* CheckoutViewController.swift */,
				CEDB61F31F3B0611004DAE66 /* PayPalViewController.swift */,
			);
			name = Controllers;
			sourceTree = "<group>";
		};
		CE2D044B1F345A8E0074ECBC /* Models */ = {
			isa = PBXGroup;
			children = (
				CE42C9F41F3D90430037FF31 /* CreditCard.swift */,
				CE42C9F51F3D90430037FF31 /* User.swift */,
				CE1022C51F34BEBE008A28EA /* Beverage.swift */,
				CE2D04521F346F4F0074ECBC /* Product.swift */,
				CE2D04541F347B8B0074ECBC /* ServingSize.swift */,
				CE2D04561F347E050074ECBC /* ProductType.swift */,
				CE2D04581F3480F20074ECBC /* Ingredient.swift */,
				CE1022C71F34BEE5008A28EA /* Extra.swift */,
				CE11AD211F3C5043009573E6 /* OrderItem.swift */,
				CE11AD231F3C51BA009573E6 /* OrderIngredient.swift */,
				CE11AD251F3C6364009573E6 /* Order.swift */,
				CEE477271F3C8A340000BE64 /* OrderProduct.swift */,
				CE579B2A1F41BAC100BE1024 /* ServerError.swift */,
			);
			name = Models;
			sourceTree = "<group>";
		};
		CE2D045A1F3485120074ECBC /* API Manager */ = {
			isa = PBXGroup;
			children = (
				CE42C9FC1F3DA52D0037FF31 /* APIParameters.swift */,
				CE579B281F41AABC00BE1024 /* APIRequest.swift */,
				CE42C9FA1F3DA3D90037FF31 /* APIRouter.swift */,
				CE2D045D1F3485750074ECBC /* LocalRequest.swift */,
			);
			name = "API Manager";
			sourceTree = "<group>";
		};
		CE2D04611F348A8E0074ECBC /* TestFiles */ = {
			isa = PBXGroup;
			children = (
				CE42C9F81F3D998E0037FF31 /* user.json */,
				CE11AD291F3C6B21009573E6 /* order_item v2.json */,
				CE5B7DE11F39DBA90060D69C /* raw.json */,
			);
			path = TestFiles;
			sourceTree = "<group>";
		};
		CE390D311F28B3B700014BE7 = {
			isa = PBXGroup;
			children = (
				CE390D3C1F28B3B700014BE7 /* DeliveryAmp */,
				CE390D3B1F28B3B700014BE7 /* Products */,
				5EED9514F036F8EAAC65AB9D /* Pods */,
				243CFE2108BCCD15752079B1 /* Frameworks */,
			);
			sourceTree = "<group>";
		};
		CE390D3B1F28B3B700014BE7 /* Products */ = {
			isa = PBXGroup;
			children = (
				CE390D3A1F28B3B700014BE7 /* DeliveryAmp.app */,
			);
			name = Products;
			sourceTree = "<group>";
		};
		CE390D3C1F28B3B700014BE7 /* DeliveryAmp */ = {
			isa = PBXGroup;
			children = (
				CE0C5E311F3AED9B00687B95 /* Assets.xcassets */,
				CE2D045A1F3485120074ECBC /* API Manager */,
				CE87A35A1F2B5D1200645A47 /* CellViews */,
				CE87A3511F2B21F400645A47 /* Colors */,
				CE168DB31F308EDA00721F5B /* Container */,
				CE168DB41F308F1E00721F5B /* Controllers */,
				CEF305191F2A048C009A740A /* Extensions */,
				CE390D541F28C30B00014BE7 /* Fonts */,
				CEF199821F336AEC005E74B4 /* Helpers */,
				CE2D044B1F345A8E0074ECBC /* Models */,
				CEF1997F1F334122005E74B4 /* SideMenu */,
				CE7FBB541F29C16B0027CF85 /* Storyboards */,
				CE2D04611F348A8E0074ECBC /* TestFiles */,
				CE390D4F1F28B92100014BE7 /* Views */,
				CE390D3D1F28B3B700014BE7 /* AppDelegate.swift */,
				CE390D3F1F28B3B700014BE7 /* ViewController.swift */,
				CE390D491F28B3B700014BE7 /* Info.plist */,
				CE20316C1F386EEB0045B00D /* Bridging-Header.h */,
			);
			path = DeliveryAmp;
			sourceTree = "<group>";
		};
		CE390D4F1F28B92100014BE7 /* Views */ = {
			isa = PBXGroup;
			children = (
				CE390D521F28BE9000014BE7 /* StyleableButton.swift */,
				CE390D6D1F28DEEB00014BE7 /* ViewWithShadow.swift */,
				CE6C09C61F30B99B00D9C9EA /* SelectedPizzaType.swift */,
				CE6C09C81F30B9B300D9C9EA /* SelectedPizzaType.xib */,
				86CBD45A1F34968C00806E67 /* SelectedDrinkType.swift */,
				86CBD45C1F349B9500806E67 /* SelectedDrinkType.xib */,
				CE390D501F28BCBC00014BE7 /* StyleableTextField.swift */,
				CE5B7DDD1F39C5020060D69C /* StyleableImageView.swift */,
				CE20316A1F3846000045B00D /* StyleableSegmentedControl.swift */,
				CEDB61F51F3B2FEC004DAE66 /* StyleableTextFieldWithPadding.swift */,
				8693767A1F3B2B4A0051E7CE /* SelectedExtrasType.swift */,
				8693767C1F3B2BA80051E7CE /* SelectedExtrasType.xib */,
			);
			name = Views;
			sourceTree = "<group>";
		};
		CE390D541F28C30B00014BE7 /* Fonts */ = {
			isa = PBXGroup;
			children = (
				CE390D571F28C3A200014BE7 /* fontawesome-webfont.ttf */,
				CE390D581F28C3A200014BE7 /* Roboto-BlackItalic.ttf */,
				CE390D591F28C3A200014BE7 /* Roboto-Bold.ttf */,
				CE390D5A1F28C3A200014BE7 /* Roboto-BoldItalic.ttf */,
				CE390D5B1F28C3A200014BE7 /* Roboto-Italic.ttf */,
				CE390D5C1F28C3A200014BE7 /* Roboto-LightItalic.ttf */,
				CE390D5D1F28C3A200014BE7 /* Roboto-Medium.ttf */,
				CE390D5E1F28C3A200014BE7 /* Roboto-MediumItalic.ttf */,
				CE390D5F1F28C3A200014BE7 /* Roboto-Regular.ttf */,
				CE390D601F28C3A200014BE7 /* Roboto-Thin.ttf */,
				CE390D611F28C3A200014BE7 /* Roboto-ThinItalic.ttf */,
			);
			name = Fonts;
			sourceTree = "<group>";
		};
		CE7FBB541F29C16B0027CF85 /* Storyboards */ = {
			isa = PBXGroup;
			children = (
				CE0C5E361F3B44F000687B95 /* LaunchScreen.storyboard */,
				CE390D411F28B3B700014BE7 /* Main.storyboard */,
			);
			name = Storyboards;
			sourceTree = "<group>";
		};
		CE87A3511F2B21F400645A47 /* Colors */ = {
			isa = PBXGroup;
			children = (
				CE2D04501F346F260074ECBC /* MyColors.swift */,
			);
			name = Colors;
			sourceTree = "<group>";
		};
		CE87A35A1F2B5D1200645A47 /* CellViews */ = {
			isa = PBXGroup;
			children = (
				CEF305171F2A02F7009A740A /* IngredientTableViewCell.swift */,
				CEF3051C1F2A2413009A740A /* IngredientGroupTableViewCell.swift */,
				CE87A3581F2B537C00645A47 /* OrderHistoryTableViewCell.swift */,
				CE49CDD71F2F6F2600EC114F /* PizzaTypeTableViewCell.swift */,
				CE6C09BE1F30A0F200D9C9EA /* FoodTypeTableViewCell.swift */,
				86F232571F3483B900AF6451 /* BeveragesTypeTableViewCell.swift */,
				869376781F3B1C7B0051E7CE /* ExtrasTypeTableViewCell.swift */,
			);
			name = CellViews;
			sourceTree = "<group>";
		};
		CEF1997F1F334122005E74B4 /* SideMenu */ = {
			isa = PBXGroup;
			children = (
				CEF1997D1F3327E1005E74B4 /* SideMenuViewController.swift */,
				CE390D6F1F28E2D500014BE7 /* SettingsViewController.swift */,
				CE87A3541F2B52E300645A47 /* OrderHistoryViewController.swift */,
				CEF199801F334739005E74B4 /* LegalViewController.swift */,
			);
			path = SideMenu;
			sourceTree = "<group>";
		};
		CEF199821F336AEC005E74B4 /* Helpers */ = {
			isa = PBXGroup;
			children = (
				CEF199831F336B2C005E74B4 /* Alert.swift */,
				CEF199851F3373DA005E74B4 /* Regex.swift */,
				CE1022C11F34B203008A28EA /* Constants.swift */,
				CE579B2C1F41BB6000BE1024 /* Reachability.swift */,
				CE4449E91F4484430033539F /* OrderHelper.swift */,
			);
			name = Helpers;
			sourceTree = "<group>";
		};
		CEF305191F2A048C009A740A /* Extensions */ = {
			isa = PBXGroup;
			children = (
				CEF3051A1F2A057D009A740A /* CreateYourOwnViewControllerExtension.swift */,
				CE87A3561F2B531900645A47 /* OrderHistoryViewControllerExtension.swift */,
				CE49CDD51F2F154400EC114F /* SettingsViewControllerExtension.swift */,
				CE6C09B81F309B4600D9C9EA /* FoodViewControllerExtension.swift */,
				CE6C09BA1F309B5900D9C9EA /* BeveragesViewControllerExtension.swift */,
				CE6C09BC1F309B6A00D9C9EA /* ExtrasViewControllerExtensions.swift */,
				CE2D044E1F345C660074ECBC /* UIViewExtension.swift */,
				CE5522A31F4440BB00A540B5 /* CheckoutViewControllerExtension.swift */,
			);
			name = Extensions;
			sourceTree = "<group>";
		};
/* End PBXGroup section */

/* Begin PBXNativeTarget section */
		CE390D391F28B3B700014BE7 /* DeliveryAmp */ = {
			isa = PBXNativeTarget;
			buildConfigurationList = CE390D4C1F28B3B700014BE7 /* Build configuration list for PBXNativeTarget "DeliveryAmp" */;
			buildPhases = (
				78408FC06C0C410E1A2C3BF6 /* [CP] Check Pods Manifest.lock */,
				CE390D361F28B3B700014BE7 /* Sources */,
				CE390D371F28B3B700014BE7 /* Frameworks */,
				CE390D381F28B3B700014BE7 /* Resources */,
				8A652070DECAC6F2E48A76A1 /* [CP] Embed Pods Frameworks */,
				AC27E65B212589A39A97CBF5 /* [CP] Copy Pods Resources */,
			);
			buildRules = (
			);
			dependencies = (
			);
			name = DeliveryAmp;
			productName = DeliveryAmp;
			productReference = CE390D3A1F28B3B700014BE7 /* DeliveryAmp.app */;
			productType = "com.apple.product-type.application";
		};
/* End PBXNativeTarget section */

/* Begin PBXProject section */
		CE390D321F28B3B700014BE7 /* Project object */ = {
			isa = PBXProject;
			attributes = {
				LastSwiftUpdateCheck = 0830;
				LastUpgradeCheck = 0830;
				TargetAttributes = {
					CE390D391F28B3B700014BE7 = {
						CreatedOnToolsVersion = 8.3.3;
						DevelopmentTeam = S5473HDEK5;
						ProvisioningStyle = Manual;
					};
				};
			};
			buildConfigurationList = CE390D351F28B3B700014BE7 /* Build configuration list for PBXProject "DeliveryAmp" */;
			compatibilityVersion = "Xcode 3.2";
			developmentRegion = English;
			hasScannedForEncodings = 0;
			knownRegions = (
				en,
				Base,
			);
			mainGroup = CE390D311F28B3B700014BE7;
			productRefGroup = CE390D3B1F28B3B700014BE7 /* Products */;
			projectDirPath = "";
			projectRoot = "";
			targets = (
				CE390D391F28B3B700014BE7 /* DeliveryAmp */,
			);
		};
/* End PBXProject section */

/* Begin PBXResourcesBuildPhase section */
		CE390D381F28B3B700014BE7 /* Resources */ = {
			isa = PBXResourcesBuildPhase;
			buildActionMask = 2147483647;
			files = (
				CE390D681F28C3A200014BE7 /* Roboto-Medium.ttf in Resources */,
				CE0C5E351F3AF6B600687B95 /* Info.plist in Resources */,
				CE390D621F28C3A200014BE7 /* fontawesome-webfont.ttf in Resources */,
				CE390D641F28C3A200014BE7 /* Roboto-Bold.ttf in Resources */,
				CE4449E81F4475120033539F /* Assets.xcassets in Resources */,
				CE42C9F91F3D998E0037FF31 /* user.json in Resources */,
				CE390D631F28C3A200014BE7 /* Roboto-BlackItalic.ttf in Resources */,
				CE390D6A1F28C3A200014BE7 /* Roboto-Regular.ttf in Resources */,
				CE11AD2A1F3C6B21009573E6 /* order_item v2.json in Resources */,
				CE6C09C91F30B9B300D9C9EA /* SelectedPizzaType.xib in Resources */,
				CE390D671F28C3A200014BE7 /* Roboto-LightItalic.ttf in Resources */,
				CE0C5E381F3B44F000687B95 /* LaunchScreen.storyboard in Resources */,
				86CBD45D1F349B9500806E67 /* SelectedDrinkType.xib in Resources */,
				CE390D661F28C3A200014BE7 /* Roboto-Italic.ttf in Resources */,
				8693767D1F3B2BA80051E7CE /* SelectedExtrasType.xib in Resources */,
				CE5B7DE21F39DBA90060D69C /* raw.json in Resources */,
				CE390D651F28C3A200014BE7 /* Roboto-BoldItalic.ttf in Resources */,
				CE390D6C1F28C3A200014BE7 /* Roboto-ThinItalic.ttf in Resources */,
				CE390D691F28C3A200014BE7 /* Roboto-MediumItalic.ttf in Resources */,
				CE390D6B1F28C3A200014BE7 /* Roboto-Thin.ttf in Resources */,
				CE390D431F28B3B700014BE7 /* Main.storyboard in Resources */,
			);
			runOnlyForDeploymentPostprocessing = 0;
		};
/* End PBXResourcesBuildPhase section */

/* Begin PBXShellScriptBuildPhase section */
		78408FC06C0C410E1A2C3BF6 /* [CP] Check Pods Manifest.lock */ = {
			isa = PBXShellScriptBuildPhase;
			buildActionMask = 2147483647;
			files = (
			);
			inputPaths = (
				"${PODS_PODFILE_DIR_PATH}/Podfile.lock",
				"${PODS_ROOT}/Manifest.lock",
			);
			name = "[CP] Check Pods Manifest.lock";
			outputPaths = (
				"$(DERIVED_FILE_DIR)/Pods-DeliveryAmp-checkManifestLockResult.txt",
			);
			runOnlyForDeploymentPostprocessing = 0;
			shellPath = /bin/sh;
			shellScript = "diff \"${PODS_PODFILE_DIR_PATH}/Podfile.lock\" \"${PODS_ROOT}/Manifest.lock\" > /dev/null\nif [ $? != 0 ] ; then\n    # print error to STDERR\n    echo \"error: The sandbox is not in sync with the Podfile.lock. Run 'pod install' or update your CocoaPods installation.\" >&2\n    exit 1\nfi\n# This output is used by Xcode 'outputs' to avoid re-running this script phase.\necho \"SUCCESS\" > \"${SCRIPT_OUTPUT_FILE_0}\"\n";
			showEnvVarsInLog = 0;
		};
		8A652070DECAC6F2E48A76A1 /* [CP] Embed Pods Frameworks */ = {
			isa = PBXShellScriptBuildPhase;
			buildActionMask = 2147483647;
			files = (
			);
			inputPaths = (
				"${SRCROOT}/Pods/Target Support Files/Pods-DeliveryAmp/Pods-DeliveryAmp-frameworks.sh",
				"${BUILT_PRODUCTS_DIR}/Alamofire/Alamofire.framework",
				"${BUILT_PRODUCTS_DIR}/SDWebImage/SDWebImage.framework",
				"${BUILT_PRODUCTS_DIR}/SideMenu/SideMenu.framework",
				"${BUILT_PRODUCTS_DIR}/SwiftyJSON/SwiftyJSON.framework",
			);
			name = "[CP] Embed Pods Frameworks";
			outputPaths = (
				"${TARGET_BUILD_DIR}/${FRAMEWORKS_FOLDER_PATH}/Alamofire.framework",
				"${TARGET_BUILD_DIR}/${FRAMEWORKS_FOLDER_PATH}/SDWebImage.framework",
				"${TARGET_BUILD_DIR}/${FRAMEWORKS_FOLDER_PATH}/SideMenu.framework",
				"${TARGET_BUILD_DIR}/${FRAMEWORKS_FOLDER_PATH}/SwiftyJSON.framework",
			);
			runOnlyForDeploymentPostprocessing = 0;
			shellPath = /bin/sh;
			shellScript = "\"${SRCROOT}/Pods/Target Support Files/Pods-DeliveryAmp/Pods-DeliveryAmp-frameworks.sh\"\n";
			showEnvVarsInLog = 0;
		};
		AC27E65B212589A39A97CBF5 /* [CP] Copy Pods Resources */ = {
			isa = PBXShellScriptBuildPhase;
			buildActionMask = 2147483647;
			files = (
			);
			inputPaths = (
			);
			name = "[CP] Copy Pods Resources";
			outputPaths = (
			);
			runOnlyForDeploymentPostprocessing = 0;
			shellPath = /bin/sh;
			shellScript = "\"${SRCROOT}/Pods/Target Support Files/Pods-DeliveryAmp/Pods-DeliveryAmp-resources.sh\"\n";
			showEnvVarsInLog = 0;
		};
/* End PBXShellScriptBuildPhase section */

/* Begin PBXSourcesBuildPhase section */
		CE390D361F28B3B700014BE7 /* Sources */ = {
			isa = PBXSourcesBuildPhase;
			buildActionMask = 2147483647;
			files = (
				CE20316B1F3846000045B00D /* StyleableSegmentedControl.swift in Sources */,
				CE6C09B91F309B4600D9C9EA /* FoodViewControllerExtension.swift in Sources */,
				86CBD45B1F34968C00806E67 /* SelectedDrinkType.swift in Sources */,
				CEDB61F61F3B2FEC004DAE66 /* StyleableTextFieldWithPadding.swift in Sources */,
				CEF199861F3373DA005E74B4 /* Regex.swift in Sources */,
				CE6C09BF1F30A0F200D9C9EA /* FoodTypeTableViewCell.swift in Sources */,
				CEF3051D1F2A2413009A740A /* IngredientGroupTableViewCell.swift in Sources */,
				CE42C9F61F3D90430037FF31 /* CreditCard.swift in Sources */,
				CE390D401F28B3B700014BE7 /* ViewController.swift in Sources */,
				86F232581F3483B900AF6451 /* BeveragesTypeTableViewCell.swift in Sources */,
				CE1022C61F34BEBE008A28EA /* Beverage.swift in Sources */,
				CE390D531F28BE9000014BE7 /* StyleableButton.swift in Sources */,
				CE2D045E1F3485750074ECBC /* LocalRequest.swift in Sources */,
				CE579B2B1F41BAC100BE1024 /* ServerError.swift in Sources */,
				CE2D04571F347E050074ECBC /* ProductType.swift in Sources */,
				CE5B7DDE1F39C5020060D69C /* StyleableImageView.swift in Sources */,
				CE11AD221F3C5043009573E6 /* OrderItem.swift in Sources */,
				CE579B2D1F41BB6000BE1024 /* Reachability.swift in Sources */,
				CE2D044F1F345C660074ECBC /* UIViewExtension.swift in Sources */,
				CEF1997E1F3327E1005E74B4 /* SideMenuViewController.swift in Sources */,
				CE6C09C71F30B99B00D9C9EA /* SelectedPizzaType.swift in Sources */,
				CE49CDD61F2F154400EC114F /* SettingsViewControllerExtension.swift in Sources */,
				CE11AD261F3C6364009573E6 /* Order.swift in Sources */,
				CE2D04531F346F4F0074ECBC /* Product.swift in Sources */,
				CE42C9FB1F3DA3D90037FF31 /* APIRouter.swift in Sources */,
				CE390D6E1F28DEEB00014BE7 /* ViewWithShadow.swift in Sources */,
				CE1022C21F34B203008A28EA /* Constants.swift in Sources */,
				CE6C09BD1F309B6A00D9C9EA /* ExtrasViewControllerExtensions.swift in Sources */,
				8693767B1F3B2B4B0051E7CE /* SelectedExtrasType.swift in Sources */,
				CE87A3551F2B52E300645A47 /* OrderHistoryViewController.swift in Sources */,
				CE4449EA1F4484430033539F /* OrderHelper.swift in Sources */,
				CE6C09B31F309B1A00D9C9EA /* FoodViewController.swift in Sources */,
				CE390D511F28BCBC00014BE7 /* StyleableTextField.swift in Sources */,
				CE42C9FD1F3DA52D0037FF31 /* APIParameters.swift in Sources */,
				CE2D04511F346F260074ECBC /* MyColors.swift in Sources */,
				CE6C09BB1F309B5900D9C9EA /* BeveragesViewControllerExtension.swift in Sources */,
				CE11AD241F3C51BA009573E6 /* OrderIngredient.swift in Sources */,
				CE1022C81F34BEE5008A28EA /* Extra.swift in Sources */,
				CE0359E21F3460E300969B2F /* CheckoutViewController.swift in Sources */,
				CE6C09B51F309B2800D9C9EA /* BeveragesViewController.swift in Sources */,
				CEF305181F2A02F7009A740A /* IngredientTableViewCell.swift in Sources */,
				CEF305161F29CDDC009A740A /* CreateYourOwnViewController.swift in Sources */,
				CE390D3E1F28B3B700014BE7 /* AppDelegate.swift in Sources */,
				CE49CDD81F2F6F2600EC114F /* PizzaTypeTableViewCell.swift in Sources */,
				CEDB61F41F3B0611004DAE66 /* PayPalViewController.swift in Sources */,
				CE168DAE1F30763B00721F5B /* MenuViewController.swift in Sources */,
				CE390D701F28E2D500014BE7 /* SettingsViewController.swift in Sources */,
				CEF199811F334739005E74B4 /* LegalViewController.swift in Sources */,
				CE87A3571F2B531900645A47 /* OrderHistoryViewControllerExtension.swift in Sources */,
				CEF199841F336B2C005E74B4 /* Alert.swift in Sources */,
				CE42C9F71F3D90430037FF31 /* User.swift in Sources */,
				CE87A3591F2B537C00645A47 /* OrderHistoryTableViewCell.swift in Sources */,
				CE1022C41F34BA16008A28EA /* LaunchViewController.swift in Sources */,
				869376791F3B1C7C0051E7CE /* ExtrasTypeTableViewCell.swift in Sources */,
				CE5522A41F4440BB00A540B5 /* CheckoutViewControllerExtension.swift in Sources */,
				CE168DB01F308A6500721F5B /* ContainerViewController.swift in Sources */,
				CE6C09B71F309B3200D9C9EA /* ExtrasViewController.swift in Sources */,
				CE168DB21F308DB500721F5B /* EmptySegue.swift in Sources */,
				CE2D04551F347B8B0074ECBC /* ServingSize.swift in Sources */,
				CEE477281F3C8A340000BE64 /* OrderProduct.swift in Sources */,
				CEF3051B1F2A057D009A740A /* CreateYourOwnViewControllerExtension.swift in Sources */,
				CE579B291F41AABC00BE1024 /* APIRequest.swift in Sources */,
				CE2D04591F3480F20074ECBC /* Ingredient.swift in Sources */,
			);
			runOnlyForDeploymentPostprocessing = 0;
		};
/* End PBXSourcesBuildPhase section */

/* Begin PBXVariantGroup section */
		CE0C5E361F3B44F000687B95 /* LaunchScreen.storyboard */ = {
			isa = PBXVariantGroup;
			children = (
				CE0C5E371F3B44F000687B95 /* Base */,
			);
			name = LaunchScreen.storyboard;
			sourceTree = "<group>";
		};
		CE390D411F28B3B700014BE7 /* Main.storyboard */ = {
			isa = PBXVariantGroup;
			children = (
				CE390D421F28B3B700014BE7 /* Base */,
			);
			name = Main.storyboard;
			sourceTree = "<group>";
		};
/* End PBXVariantGroup section */

/* Begin XCBuildConfiguration section */
		CE390D4A1F28B3B700014BE7 /* Debug */ = {
			isa = XCBuildConfiguration;
			buildSettings = {
				ALWAYS_SEARCH_USER_PATHS = NO;
				CLANG_ANALYZER_NONNULL = YES;
				CLANG_ANALYZER_NUMBER_OBJECT_CONVERSION = YES_AGGRESSIVE;
				CLANG_CXX_LANGUAGE_STANDARD = "gnu++0x";
				CLANG_CXX_LIBRARY = "libc++";
				CLANG_ENABLE_MODULES = YES;
				CLANG_ENABLE_OBJC_ARC = YES;
				CLANG_WARN_BOOL_CONVERSION = YES;
				CLANG_WARN_CONSTANT_CONVERSION = YES;
				CLANG_WARN_DIRECT_OBJC_ISA_USAGE = YES_ERROR;
				CLANG_WARN_DOCUMENTATION_COMMENTS = YES;
				CLANG_WARN_EMPTY_BODY = YES;
				CLANG_WARN_ENUM_CONVERSION = YES;
				CLANG_WARN_INFINITE_RECURSION = YES;
				CLANG_WARN_INT_CONVERSION = YES;
				CLANG_WARN_OBJC_ROOT_CLASS = YES_ERROR;
				CLANG_WARN_SUSPICIOUS_MOVE = YES;
				CLANG_WARN_UNREACHABLE_CODE = YES;
				CLANG_WARN__DUPLICATE_METHOD_MATCH = YES;
				"CODE_SIGN_IDENTITY[sdk=iphoneos*]" = "iPhone Developer";
				COPY_PHASE_STRIP = NO;
				DEBUG_INFORMATION_FORMAT = dwarf;
				ENABLE_STRICT_OBJC_MSGSEND = YES;
				ENABLE_TESTABILITY = YES;
				GCC_C_LANGUAGE_STANDARD = gnu99;
				GCC_DYNAMIC_NO_PIC = NO;
				GCC_NO_COMMON_BLOCKS = YES;
				GCC_OPTIMIZATION_LEVEL = 0;
				GCC_PREPROCESSOR_DEFINITIONS = (
					"DEBUG=1",
					"$(inherited)",
				);
				GCC_WARN_64_TO_32_BIT_CONVERSION = YES;
				GCC_WARN_ABOUT_RETURN_TYPE = YES_ERROR;
				GCC_WARN_UNDECLARED_SELECTOR = YES;
				GCC_WARN_UNINITIALIZED_AUTOS = YES_AGGRESSIVE;
				GCC_WARN_UNUSED_FUNCTION = YES;
				GCC_WARN_UNUSED_VARIABLE = YES;
				IPHONEOS_DEPLOYMENT_TARGET = 10.3;
				MTL_ENABLE_DEBUG_INFO = YES;
				ONLY_ACTIVE_ARCH = YES;
				SDKROOT = iphoneos;
				SWIFT_ACTIVE_COMPILATION_CONDITIONS = DEBUG;
				SWIFT_OPTIMIZATION_LEVEL = "-Onone";
			};
			name = Debug;
		};
		CE390D4B1F28B3B700014BE7 /* Release */ = {
			isa = XCBuildConfiguration;
			buildSettings = {
				ALWAYS_SEARCH_USER_PATHS = NO;
				CLANG_ANALYZER_NONNULL = YES;
				CLANG_ANALYZER_NUMBER_OBJECT_CONVERSION = YES_AGGRESSIVE;
				CLANG_CXX_LANGUAGE_STANDARD = "gnu++0x";
				CLANG_CXX_LIBRARY = "libc++";
				CLANG_ENABLE_MODULES = YES;
				CLANG_ENABLE_OBJC_ARC = YES;
				CLANG_WARN_BOOL_CONVERSION = YES;
				CLANG_WARN_CONSTANT_CONVERSION = YES;
				CLANG_WARN_DIRECT_OBJC_ISA_USAGE = YES_ERROR;
				CLANG_WARN_DOCUMENTATION_COMMENTS = YES;
				CLANG_WARN_EMPTY_BODY = YES;
				CLANG_WARN_ENUM_CONVERSION = YES;
				CLANG_WARN_INFINITE_RECURSION = YES;
				CLANG_WARN_INT_CONVERSION = YES;
				CLANG_WARN_OBJC_ROOT_CLASS = YES_ERROR;
				CLANG_WARN_SUSPICIOUS_MOVE = YES;
				CLANG_WARN_UNREACHABLE_CODE = YES;
				CLANG_WARN__DUPLICATE_METHOD_MATCH = YES;
				"CODE_SIGN_IDENTITY[sdk=iphoneos*]" = "iPhone Developer";
				COPY_PHASE_STRIP = NO;
				DEBUG_INFORMATION_FORMAT = "dwarf-with-dsym";
				ENABLE_NS_ASSERTIONS = NO;
				ENABLE_STRICT_OBJC_MSGSEND = YES;
				GCC_C_LANGUAGE_STANDARD = gnu99;
				GCC_NO_COMMON_BLOCKS = YES;
				GCC_WARN_64_TO_32_BIT_CONVERSION = YES;
				GCC_WARN_ABOUT_RETURN_TYPE = YES_ERROR;
				GCC_WARN_UNDECLARED_SELECTOR = YES;
				GCC_WARN_UNINITIALIZED_AUTOS = YES_AGGRESSIVE;
				GCC_WARN_UNUSED_FUNCTION = YES;
				GCC_WARN_UNUSED_VARIABLE = YES;
				IPHONEOS_DEPLOYMENT_TARGET = 10.3;
				MTL_ENABLE_DEBUG_INFO = NO;
				SDKROOT = iphoneos;
				SWIFT_OPTIMIZATION_LEVEL = "-Owholemodule";
				VALIDATE_PRODUCT = YES;
			};
			name = Release;
		};
		CE390D4D1F28B3B700014BE7 /* Debug */ = {
			isa = XCBuildConfiguration;
			baseConfigurationReference = AF3E5A6405998788F99B2F0E /* Pods-DeliveryAmp.debug.xcconfig */;
			buildSettings = {
				ASSETCATALOG_COMPILER_APPICON_NAME = AppIcon;
				"CODE_SIGN_IDENTITY[sdk=iphoneos*]" = "iPhone Developer";
				CODE_SIGN_STYLE = Manual;
				DEVELOPMENT_TEAM = S5473HDEK5;
				INFOPLIST_FILE = DeliveryAmp/Info.plist;
				IPHONEOS_DEPLOYMENT_TARGET = 8.0;
				LD_RUNPATH_SEARCH_PATHS = "$(inherited) @executable_path/Frameworks";
				PRODUCT_BUNDLE_IDENTIFIER = TeamExtension.DeliveryAmp;
				PRODUCT_NAME = "$(TARGET_NAME)";
				PROVISIONING_PROFILE = "a3c47798-c0c5-4d54-bd3c-b5ce46644204";
				PROVISIONING_PROFILE_SPECIFIER = TeamExtension_Dev;
				SWIFT_OBJC_BRIDGING_HEADER = "DeliveryAmp/Bridging-Header.h";
				SWIFT_VERSION = 3.0;
			};
			name = Debug;
		};
		CE390D4E1F28B3B700014BE7 /* Release */ = {
			isa = XCBuildConfiguration;
			baseConfigurationReference = 8F6CC2E9BCDF940870106FEC /* Pods-DeliveryAmp.release.xcconfig */;
			buildSettings = {
				ASSETCATALOG_COMPILER_APPICON_NAME = AppIcon;
				"CODE_SIGN_IDENTITY[sdk=iphoneos*]" = "iPhone Developer";
				CODE_SIGN_STYLE = Manual;
				DEVELOPMENT_TEAM = "";
				INFOPLIST_FILE = DeliveryAmp/Info.plist;
				IPHONEOS_DEPLOYMENT_TARGET = 8.0;
				LD_RUNPATH_SEARCH_PATHS = "$(inherited) @executable_path/Frameworks";
				PRODUCT_BUNDLE_IDENTIFIER = TeamExtension.DeliveryAmp;
				PRODUCT_NAME = "$(TARGET_NAME)";
				PROVISIONING_PROFILE_SPECIFIER = "";
				SWIFT_OBJC_BRIDGING_HEADER = "DeliveryAmp/Bridging-Header.h";
				SWIFT_VERSION = 3.0;
			};
			name = Release;
		};
/* End XCBuildConfiguration section */

/* Begin XCConfigurationList section */
		CE390D351F28B3B700014BE7 /* Build configuration list for PBXProject "DeliveryAmp" */ = {
			isa = XCConfigurationList;
			buildConfigurations = (
				CE390D4A1F28B3B700014BE7 /* Debug */,
				CE390D4B1F28B3B700014BE7 /* Release */,
			);
			defaultConfigurationIsVisible = 0;
			defaultConfigurationName = Release;
		};
		CE390D4C1F28B3B700014BE7 /* Build configuration list for PBXNativeTarget "DeliveryAmp" */ = {
			isa = XCConfigurationList;
			buildConfigurations = (
				CE390D4D1F28B3B700014BE7 /* Debug */,
				CE390D4E1F28B3B700014BE7 /* Release */,
			);
			defaultConfigurationIsVisible = 0;
			defaultConfigurationName = Release;
		};
/* End XCConfigurationList section */
	};
	rootObject = CE390D321F28B3B700014BE7 /* Project object */;
}
